{
  "name": "yanixex",
  "version": "1.0.2",
  "lockfileVersion": 3,
  "requires": true,
  "packages": {
    "": {
      "name": "yanixex",
      "version": "1.0.2",
      "license": "MIT",
      "dependencies": {
        "yanix": "^1.0.0"
      }
    },
    "node_modules/yanix": {
      "version": "1.0.0",
      "resolved": "https://registry.npmjs.org/yanix/-/yanix-1.0.0.tgz",
      "integrity": "sha512-XpxOK3dZ2aNHEHtWy5NeaD4+cT2Ln1rnTe+9Wk7+rToFflJhebdM4ob9gNCNCppPkd7VimSnjb3sdsBQnG4lYQ=="
    }
  }
}
